{
  "name": "claude-scripts",
  "lockfileVersion": 3,
  "requires": true,
  "packages": {
    "": {
      "name": "claude-scripts",
      "dependencies": {
        "@linear/sdk": "^78.0.0"
      },
      "devDependencies": {
        "@types/node": "^25.5.0"
      }
    },
    "node_modules/@graphql-typed-document-node/core": {
      "version": "3.2.0",
      "resolved": "https://registry.npmjs.org/@graphql-typed-document-node/core/-/core-3.2.0.tgz",
      "integrity": "sha512-mB9oAsNCm9aM3/SOv4YtBMqZbYj10R7dkq8byBqxGY/ncFwhf2oQzMV+LCRlWoDSEBJ3COiR1yeDvMtsoOsuFQ==",
      "license": "MIT",
      "peerDependencies": {
        "graphql": "^0.8.0 || ^0.9.0 || ^0.10.0 || ^0.11.0 || ^0.12.0 || ^0.13.0 || ^14.0.0 || ^15.0.0 || ^16.0.0 || ^17.0.0"
      }
    },
    "node_modules/@linear/sdk": {
      "version": "78.0.0",
      "resolved": "https://registry.npmjs.org/@linear/sdk/-/sdk-78.0.0.tgz",
      "integrity": "sha512-5b5LikiZSmolJxvYt3vM4u6SM+2MDEbDgr+4V1xBT1EBypIpVaFHP11S6lxK9PmHsj9uQC83sUHX1UujbXsJww==",
      "license": "MIT",
      "dependencies": {
        "@graphql-typed-document-node/core": "^3.2.0"
      },
      "engines": {
        "node": ">=18.x"
      }
    },
    "node_modules/@types/node": {
      "version": "25.5.0",
      "resolved": "https://registry.npmjs.org/@types/node/-/node-25.5.0.tgz",
      "integrity": "sha512-jp2P3tQMSxWugkCUKLRPVUpGaL5MVFwF8RDuSRztfwgN1wmqJeMSbKlnEtQqU8UrhTmzEmZdu2I6v2dpp7XIxw==",
      "dev": true,
      "license": "MIT",
      "dependencies": {
        "undici-types": "~7.18.0"
      }
    },
    "node_modules/graphql": {
      "version": "16.13.1",
      "resolved": "https://registry.npmjs.org/graphql/-/graphql-16.13.1.tgz",
      "integrity": "sha512-gGgrVCoDKlIZ8fIqXBBb0pPKqDgki0Z/FSKNiQzSGj2uEYHr1tq5wmBegGwJx6QB5S5cM0khSBpi/JFHMCvsmQ==",
      "license": "MIT",
      "peer": true,
      "engines": {
        "node": "^12.22.0 || ^14.16.0 || ^16.0.0 || >=17.0.0"
      }
    },
    "node_modules/undici-types": {
      "version": "7.18.2",
      "resolved": "https://registry.npmjs.org/undici-types/-/undici-types-7.18.2.tgz",
      "integrity": "sha512-AsuCzffGHJybSaRrmr5eHr81mwJU3kjw6M+uprWvCXiNeN9SOGwQ3Jn8jb8m3Z6izVgknn1R0FTCEAP2QrLY/w==",
      "dev": true,
      "license": "MIT"
    }
  }
}
